
Microsoft Visual Studio Solution File, Format Version 12.00
# Visual Studio Version 17
VisualStudioVersion = 17.0.31903.59
MinimumVisualStudioVersion = 10.0.40219.1
Project("{2150E333-8FDC-42A3-9474-1A3956D46DE8}") = "src", "src", "{E0898FC6-01AC-47FC-9F1A-F649BFBB7840}"
EndProject
Project("{FAE04EC0-301F-11D3-BF4B-00C04F79EFBC}") = "App", "src\App\App.csproj", "{6441BC7D-FA1A-4954-A847-32E052F185CB}"
EndProject
Global
	GlobalSection(SolutionConfigurationPlatforms) = preSolution
		Debug|Any CPU = Debug|Any CPU
		Release|Any CPU = Release|Any CPU
	EndGlobalSection
	GlobalSection(SolutionProperties) = preSolution
		HideSolutionNode = FALSE
	EndGlobalSection
	GlobalSection(ProjectConfigurationPlatforms) = postSolution
		{6441BC7D-FA1A-4954-A847-32E052F185CB}.Debug|Any CPU.ActiveCfg = Debug|Any CPU
		{6441BC7D-FA1A-4954-A847-32E052F185CB}.Debug|Any CPU.Build.0 = Debug|Any CPU
		{6441BC7D-FA1A-4954-A847-32E052F185CB}.Release|Any CPU.ActiveCfg = Release|Any CPU
		{6441BC7D-FA1A-4954-A847-32E052F185CB}.Release|Any CPU.Build.0 = Release|Any CPU
	EndGlobalSection
	GlobalSection(NestedProjects) = preSolution
		{6441BC7D-FA1A-4954-A847-32E052F185CB} = {E0898FC6-01AC-47FC-9F1A-F649BFBB7840}
	EndGlobalSection
EndGlobal
