
Microsoft Visual Studio Solution File, Format Version 12.00
# Visual Studio Version 17
VisualStudioVersion = 17.0.31903.59
MinimumVisualStudioVersion = 10.0.40219.1
Project("{2150E333-8FDC-42A3-9474-1A3956D46DE8}") = "src", "src", "{E0898FC6-01AC-47FC-9F1A-F649BFBB7840}"
EndProject
Project("{FAE04EC0-301F-11D3-BF4B-00C04F79EFBC}") = "App", "src\App\App.csproj", "{6441BC7D-FA1A-4954-A847-32E052F185CB}"
EndProject
Project("{2150E333-8FDC-42A3-9474-1A3956D46DE8}") = "Modules", "Modules", "{5302E346-326F-4341-9626-D5839E79A967}"
EndProject
Project("{2150E333-8FDC-42A3-9474-1A3956D46DE8}") = "Users", "Users", "{7395B32D-2E99-4860-B1B5-C2CAC4069632}"
EndProject
Project("{FAE04EC0-301F-11D3-BF4B-00C04F79EFBC}") = "Modules.Users.Application", "src\Modules\Users\Modules.Users.Application\Modules.Users.Application.csproj", "{215B175A-F0CE-4E2E-98D0-ACCF48C66279}"
EndProject
Project("{FAE04EC0-301F-11D3-BF4B-00C04F79EFBC}") = "Modules.Users.Domain", "src\Modules\Users\Modules.Users.Domain\Modules.Users.Domain.csproj", "{3C3E6A11-C856-4462-8550-B5E75B392BA0}"
EndProject
Project("{FAE04EC0-301F-11D3-BF4B-00C04F79EFBC}") = "Modules.Users.Infrastructure", "src\Modules\Users\Modules.Users.Infrastructure\Modules.Users.Infrastructure.csproj", "{7AB258B3-6FF5-4F74-9400-0CA2DD8511D3}"
EndProject
Project("{FAE04EC0-301F-11D3-BF4B-00C04F79EFBC}") = "Modules.Users.Endpoints", "src\Modules\Users\Modules.Users.Endpoints\Modules.Users.Endpoints.csproj", "{62F654B4-4064-4279-86F5-D5940FD336CB}"
EndProject
Project("{FAE04EC0-301F-11D3-BF4B-00C04F79EFBC}") = "Entries", "src\Modules\Entries\Entries.csproj", "{F69FEFE3-CFD7-42D5-B959-3639C596C852}"
EndProject
Global
	GlobalSection(SolutionConfigurationPlatforms) = preSolution
		Debug|Any CPU = Debug|Any CPU
		Release|Any CPU = Release|Any CPU
	EndGlobalSection
	GlobalSection(SolutionProperties) = preSolution
		HideSolutionNode = FALSE
	EndGlobalSection
	GlobalSection(ProjectConfigurationPlatforms) = postSolution
		{6441BC7D-FA1A-4954-A847-32E052F185CB}.Debug|Any CPU.ActiveCfg = Debug|Any CPU
		{6441BC7D-FA1A-4954-A847-32E052F185CB}.Debug|Any CPU.Build.0 = Debug|Any CPU
		{6441BC7D-FA1A-4954-A847-32E052F185CB}.Release|Any CPU.ActiveCfg = Release|Any CPU
		{6441BC7D-FA1A-4954-A847-32E052F185CB}.Release|Any CPU.Build.0 = Release|Any CPU
		{215B175A-F0CE-4E2E-98D0-ACCF48C66279}.Debug|Any CPU.ActiveCfg = Debug|Any CPU
		{215B175A-F0CE-4E2E-98D0-ACCF48C66279}.Debug|Any CPU.Build.0 = Debug|Any CPU
		{215B175A-F0CE-4E2E-98D0-ACCF48C66279}.Release|Any CPU.ActiveCfg = Release|Any CPU
		{215B175A-F0CE-4E2E-98D0-ACCF48C66279}.Release|Any CPU.Build.0 = Release|Any CPU
		{3C3E6A11-C856-4462-8550-B5E75B392BA0}.Debug|Any CPU.ActiveCfg = Debug|Any CPU
		{3C3E6A11-C856-4462-8550-B5E75B392BA0}.Debug|Any CPU.Build.0 = Debug|Any CPU
		{3C3E6A11-C856-4462-8550-B5E75B392BA0}.Release|Any CPU.ActiveCfg = Release|Any CPU
		{3C3E6A11-C856-4462-8550-B5E75B392BA0}.Release|Any CPU.Build.0 = Release|Any CPU
		{7AB258B3-6FF5-4F74-9400-0CA2DD8511D3}.Debug|Any CPU.ActiveCfg = Debug|Any CPU
		{7AB258B3-6FF5-4F74-9400-0CA2DD8511D3}.Debug|Any CPU.Build.0 = Debug|Any CPU
		{7AB258B3-6FF5-4F74-9400-0CA2DD8511D3}.Release|Any CPU.ActiveCfg = Release|Any CPU
		{7AB258B3-6FF5-4F74-9400-0CA2DD8511D3}.Release|Any CPU.Build.0 = Release|Any CPU
		{62F654B4-4064-4279-86F5-D5940FD336CB}.Debug|Any CPU.ActiveCfg = Debug|Any CPU
		{62F654B4-4064-4279-86F5-D5940FD336CB}.Debug|Any CPU.Build.0 = Debug|Any CPU
		{62F654B4-4064-4279-86F5-D5940FD336CB}.Release|Any CPU.ActiveCfg = Release|Any CPU
		{62F654B4-4064-4279-86F5-D5940FD336CB}.Release|Any CPU.Build.0 = Release|Any CPU
		{F69FEFE3-CFD7-42D5-B959-3639C596C852}.Debug|Any CPU.ActiveCfg = Debug|Any CPU
		{F69FEFE3-CFD7-42D5-B959-3639C596C852}.Debug|Any CPU.Build.0 = Debug|Any CPU
		{F69FEFE3-CFD7-42D5-B959-3639C596C852}.Release|Any CPU.ActiveCfg = Release|Any CPU
		{F69FEFE3-CFD7-42D5-B959-3639C596C852}.Release|Any CPU.Build.0 = Release|Any CPU
	EndGlobalSection
	GlobalSection(NestedProjects) = preSolution
		{6441BC7D-FA1A-4954-A847-32E052F185CB} = {E0898FC6-01AC-47FC-9F1A-F649BFBB7840}
		{5302E346-326F-4341-9626-D5839E79A967} = {E0898FC6-01AC-47FC-9F1A-F649BFBB7840}
		{7395B32D-2E99-4860-B1B5-C2CAC4069632} = {5302E346-326F-4341-9626-D5839E79A967}
		{215B175A-F0CE-4E2E-98D0-ACCF48C66279} = {7395B32D-2E99-4860-B1B5-C2CAC4069632}
		{3C3E6A11-C856-4462-8550-B5E75B392BA0} = {7395B32D-2E99-4860-B1B5-C2CAC4069632}
		{7AB258B3-6FF5-4F74-9400-0CA2DD8511D3} = {7395B32D-2E99-4860-B1B5-C2CAC4069632}
		{62F654B4-4064-4279-86F5-D5940FD336CB} = {7395B32D-2E99-4860-B1B5-C2CAC4069632}
		{F69FEFE3-CFD7-42D5-B959-3639C596C852} = {5302E346-326F-4341-9626-D5839E79A967}
	EndGlobalSection
EndGlobal
